
Microsoft Visual Studio Solution File, Format Version 12.00
# Visual Studio Version 17
VisualStudioVersion = 17.13.35913.81
MinimumVisualStudioVersion = 10.0.40219.1
Project("{FAE04EC0-301F-11D3-BF4B-00C04F79EFBC}") = "IntroMutationTesting", "Lab\IntroMutationTesting\IntroMutationTesting.csproj", "{DCDDC2F4-AD42-74E7-B01C-EFD16146B34A}"
EndProject
Project("{FAE04EC0-301F-11D3-BF4B-00C04F79EFBC}") = "IntroMutationTesting.Tests", "Lab\IntroMutationTesting.Tests\IntroMutationTesting.Tests.csproj", "{DC70C48A-46B0-A281-10BC-F08F4DC5A6F0}"
EndProject
Global
	GlobalSection(SolutionConfigurationPlatforms) = preSolution
		Debug|Any CPU = Debug|Any CPU
		Release|Any CPU = Release|Any CPU
	EndGlobalSection
	GlobalSection(ProjectConfigurationPlatforms) = postSolution
		{DCDDC2F4-AD42-74E7-B01C-EFD16146B34A}.Debug|Any CPU.ActiveCfg = Debug|Any CPU
		{DCDDC2F4-AD42-74E7-B01C-EFD16146B34A}.Debug|Any CPU.Build.0 = Debug|Any CPU
		{DCDDC2F4-AD42-74E7-B01C-EFD16146B34A}.Release|Any CPU.ActiveCfg = Release|Any CPU
		{DCDDC2F4-AD42-74E7-B01C-EFD16146B34A}.Release|Any CPU.Build.0 = Release|Any CPU
		{DC70C48A-46B0-A281-10BC-F08F4DC5A6F0}.Debug|Any CPU.ActiveCfg = Debug|Any CPU
		{DC70C48A-46B0-A281-10BC-F08F4DC5A6F0}.Debug|Any CPU.Build.0 = Debug|Any CPU
		{DC70C48A-46B0-A281-10BC-F08F4DC5A6F0}.Release|Any CPU.ActiveCfg = Release|Any CPU
		{DC70C48A-46B0-A281-10BC-F08F4DC5A6F0}.Release|Any CPU.Build.0 = Release|Any CPU
	EndGlobalSection
	GlobalSection(SolutionProperties) = preSolution
		HideSolutionNode = FALSE
	EndGlobalSection
	GlobalSection(ExtensibilityGlobals) = postSolution
		SolutionGuid = {BD8EA0EF-8DA8-4191-8A29-069E798B6FC8}
	EndGlobalSection
EndGlobal
